
Microsoft Visual Studio Solution File, Format Version 12.00
# Visual Studio Version 16
VisualStudioVersion = 16.0.30517.126
MinimumVisualStudioVersion = 10.0.40219.1
Project("{FAE04EC0-301F-11D3-BF4B-00C04F79EFBC}") = "SistemaDeCompras", "SistemaDeCompras.csproj", "{04D8FAA7-124E-4E91-9930-24CF082A80D0}"
EndProject
Global
	GlobalSection(SolutionConfigurationPlatforms) = preSolution
		Debug|Any CPU = Debug|Any CPU
		Release|Any CPU = Release|Any CPU
	EndGlobalSection
	GlobalSection(ProjectConfigurationPlatforms) = postSolution
		{04D8FAA7-124E-4E91-9930-24CF082A80D0}.Debug|Any CPU.ActiveCfg = Debug|Any CPU
		{04D8FAA7-124E-4E91-9930-24CF082A80D0}.Debug|Any CPU.Build.0 = Debug|Any CPU
		{04D8FAA7-124E-4E91-9930-24CF082A80D0}.Release|Any CPU.ActiveCfg = Release|Any CPU
		{04D8FAA7-124E-4E91-9930-24CF082A80D0}.Release|Any CPU.Build.0 = Release|Any CPU
	EndGlobalSection
	GlobalSection(SolutionProperties) = preSolution
		HideSolutionNode = FALSE
	EndGlobalSection
	GlobalSection(ExtensibilityGlobals) = postSolution
		SolutionGuid = {3C7425D6-F187-49FC-AAAC-15C493412B95}
	EndGlobalSection
EndGlobal
